
Microsoft Visual Studio Solution File, Format Version 12.00
# Visual Studio Version 16
VisualStudioVersion = 16.0.29230.47
MinimumVisualStudioVersion = 10.0.40219.1
Project("{2150E333-8FDC-42A3-9474-1A3956D46DE8}") = "Solution Items", "Solution Items", "{6D7EA9F9-7F16-40DC-A0A8-EE65DC01ABAC}"
	ProjectSection(SolutionItems) = preProject
		..\.github\workflows\build-and-release.yml = ..\.github\workflows\build-and-release.yml
	EndProjectSection
EndProject
Project("{FAE04EC0-301F-11D3-BF4B-00C04F79EFBC}") = "dotnet.temp", "dotnet.temp\dotnet.temp.csproj", "{0E92E24A-1015-4898-ACBA-32F7F4BA94CF}"
EndProject
Project("{FAE04EC0-301F-11D3-BF4B-00C04F79EFBC}") = "dotnet.temp.Tests", "dotnet.temp.Tests\dotnet.temp.Tests.csproj", "{75E18CDC-820B-4AE0-98BC-E59B24CEA53B}"
EndProject
Global
	GlobalSection(SolutionConfigurationPlatforms) = preSolution
		Debug|Any CPU = Debug|Any CPU
		Release|Any CPU = Release|Any CPU
	EndGlobalSection
	GlobalSection(ProjectConfigurationPlatforms) = postSolution
		{0E92E24A-1015-4898-ACBA-32F7F4BA94CF}.Debug|Any CPU.ActiveCfg = Debug|Any CPU
		{0E92E24A-1015-4898-ACBA-32F7F4BA94CF}.Debug|Any CPU.Build.0 = Debug|Any CPU
		{0E92E24A-1015-4898-ACBA-32F7F4BA94CF}.Release|Any CPU.ActiveCfg = Release|Any CPU
		{0E92E24A-1015-4898-ACBA-32F7F4BA94CF}.Release|Any CPU.Build.0 = Release|Any CPU
		{75E18CDC-820B-4AE0-98BC-E59B24CEA53B}.Debug|Any CPU.ActiveCfg = Debug|Any CPU
		{75E18CDC-820B-4AE0-98BC-E59B24CEA53B}.Debug|Any CPU.Build.0 = Debug|Any CPU
		{75E18CDC-820B-4AE0-98BC-E59B24CEA53B}.Release|Any CPU.ActiveCfg = Release|Any CPU
		{75E18CDC-820B-4AE0-98BC-E59B24CEA53B}.Release|Any CPU.Build.0 = Release|Any CPU
	EndGlobalSection
	GlobalSection(SolutionProperties) = preSolution
		HideSolutionNode = FALSE
	EndGlobalSection
	GlobalSection(NestedProjects) = preSolution
	EndGlobalSection
	GlobalSection(ExtensibilityGlobals) = postSolution
		SolutionGuid = {C9E01EFA-6F6C-4C8F-978E-3AEE878DED69}
	EndGlobalSection
EndGlobal
